{
  "nodes": {
    "fenix": {
      "inputs": {
        "nixpkgs": [
          "nixpkgs"
        ],
        "rust-analyzer-src": "rust-analyzer-src"
      },
      "locked": {
        "lastModified": 1674800601,
        "narHash": "sha256-25OW8RylGrcGFhf5swfQLNjKRH87ltuvNgccrGKlKZ8=",
        "owner": "nix-community",
        "repo": "fenix",
        "rev": "0a237d66ea3be2ae39fb4d279a4ae417bf38e2da",
        "type": "github"
      },
      "original": {
        "owner": "nix-community",
        "repo": "fenix",
        "type": "github"
      }
    },
    "naersk": {
      "inputs": {
        "nixpkgs": [
          "nixpkgs"
        ]
      },
      "locked": {
        "lastModified": 1655042882,
        "narHash": "sha256-9BX8Fuez5YJlN7cdPO63InoyBy7dm3VlJkkmTt6fS1A=",
        "owner": "nix-community",
        "repo": "naersk",
        "rev": "cddffb5aa211f50c4b8750adbec0bbbdfb26bb9f",
        "type": "github"
      },
      "original": {
        "owner": "nix-community",
        "repo": "naersk",
        "rev": "cddffb5aa211f50c4b8750adbec0bbbdfb26bb9f",
        "type": "github"
      }
    },
    "nixpkgs": {
      "locked": {
        "lastModified": 1672580127,
        "narHash": "sha256-3lW3xZslREhJogoOkjeZtlBtvFMyxHku7I/9IVehhT8=",
        "owner": "NixOS",
        "repo": "nixpkgs",
        "rev": "0874168639713f547c05947c76124f78441ea46c",
        "type": "github"
      },
      "original": {
        "owner": "NixOS",
        "ref": "release-22.05",
        "repo": "nixpkgs",
        "type": "github"
      }
    },
    "root": {
      "inputs": {
        "fenix": "fenix",
        "naersk": "naersk",
        "nixpkgs": "nixpkgs",
        "utils": "utils"
      }
    },
    "rust-analyzer-src": {
      "flake": false,
      "locked": {
        "lastModified": 1674747430,
        "narHash": "sha256-zXsp+LWyOZjjC3AjD1HXIntpnWuKnwdEaWI5zcSrBhc=",
        "owner": "rust-lang",
        "repo": "rust-analyzer",
        "rev": "9814d798411a4b1b258c710f86626bd1997e406f",
        "type": "github"
      },
      "original": {
        "owner": "rust-lang",
        "ref": "nightly",
        "repo": "rust-analyzer",
        "type": "github"
      }
    },
    "utils": {
      "locked": {
        "lastModified": 1656928814,
        "narHash": "sha256-RIFfgBuKz6Hp89yRr7+NR5tzIAbn52h8vT6vXkYjZoM=",
        "owner": "numtide",
        "repo": "flake-utils",
        "rev": "7e2a3b3dfd9af950a856d66b0a7d01e3c18aa249",
        "type": "github"
      },
      "original": {
        "owner": "numtide",
        "repo": "flake-utils",
        "rev": "7e2a3b3dfd9af950a856d66b0a7d01e3c18aa249",
        "type": "github"
      }
    }
  },
  "root": "root",
  "version": 7
}
