{
  "nodes": {
    "fenix": {
      "inputs": {
        "nixpkgs": [
          "nixpkgs"
        ],
        "rust-analyzer-src": "rust-analyzer-src"
      },
      "locked": {
        "lastModified": 1692598848,
        "narHash": "sha256-LYQNc486Em/UGU/LCzbcafNY6kOdl1mP6FcnWdudFKo=",
        "owner": "nix-community",
        "repo": "fenix",
        "rev": "224c5c301ab5f96afe51ec4dfa661fa82ab4ad05",
        "type": "github"
      },
      "original": {
        "owner": "nix-community",
        "repo": "fenix",
        "type": "github"
      }
    },
    "naersk": {
      "inputs": {
        "nixpkgs": [
          "nixpkgs"
        ]
      },
      "locked": {
        "lastModified": 1692351612,
        "narHash": "sha256-KTGonidcdaLadRnv9KFgwSMh1ZbXoR/OBmPjeNMhFwU=",
        "owner": "nix-community",
        "repo": "naersk",
        "rev": "78789c30d64dea2396c9da516bbcc8db3a475207",
        "type": "github"
      },
      "original": {
        "owner": "nix-community",
        "repo": "naersk",
        "type": "github"
      }
    },
    "nixpkgs": {
      "locked": {
        "lastModified": 1692447944,
        "narHash": "sha256-fkJGNjEmTPvqBs215EQU4r9ivecV5Qge5cF/QDLVn3U=",
        "owner": "NixOS",
        "repo": "nixpkgs",
        "rev": "d680ded26da5cf104dd2735a51e88d2d8f487b4d",
        "type": "github"
      },
      "original": {
        "owner": "NixOS",
        "ref": "nixos-23.05",
        "repo": "nixpkgs",
        "type": "github"
      }
    },
    "root": {
      "inputs": {
        "fenix": "fenix",
        "naersk": "naersk",
        "nixpkgs": "nixpkgs"
      }
    },
    "rust-analyzer-src": {
      "flake": false,
      "locked": {
        "lastModified": 1692456871,
        "narHash": "sha256-ribQkxEbMMb8vcBMKvcrPHFftMmlaF3HIAbJty9fDeY=",
        "owner": "rust-lang",
        "repo": "rust-analyzer",
        "rev": "83b3ba1b8191c065bb0dacc79e5896f7f21e4611",
        "type": "github"
      },
      "original": {
        "owner": "rust-lang",
        "ref": "nightly",
        "repo": "rust-analyzer",
        "type": "github"
      }
    }
  },
  "root": "root",
  "version": 7
}
